Microsoft Visual Studio Solution File, Format Version 12.00
# Visual Studio Version 17
VisualStudioVersion = 17.5.2.0
MinimumVisualStudioVersion = 10.0.40219.1
Project("{FAE04EC0-301F-11D3-BF4B-00C04F79EFBC}") = "QuickAcid.Strike", "QuickAcid.Strike\QuickAcid.Strike.csproj", "{66D2DAD4-5A41-57D5-EC55-46D453A53835}"
EndProject
Project("{FAE04EC0-301F-11D3-BF4B-00C04F79EFBC}") = "QuickAcid.Strike.Tests", "QuickAcid.Strike.Tests\QuickAcid.Strike.Tests.csproj", "{4E31342F-D0F9-DDF4-9BFA-2F71A7A90498}"
EndProject
Global
	GlobalSection(SolutionConfigurationPlatforms) = preSolution
		Debug|Any CPU = Debug|Any CPU
		Release|Any CPU = Release|Any CPU
	EndGlobalSection
	GlobalSection(ProjectConfigurationPlatforms) = postSolution
		{66D2DAD4-5A41-57D5-EC55-46D453A53835}.Debug|Any CPU.ActiveCfg = Debug|Any CPU
		{66D2DAD4-5A41-57D5-EC55-46D453A53835}.Debug|Any CPU.Build.0 = Debug|Any CPU
		{66D2DAD4-5A41-57D5-EC55-46D453A53835}.Release|Any CPU.ActiveCfg = Release|Any CPU
		{66D2DAD4-5A41-57D5-EC55-46D453A53835}.Release|Any CPU.Build.0 = Release|Any CPU
		{4E31342F-D0F9-DDF4-9BFA-2F71A7A90498}.Debug|Any CPU.ActiveCfg = Debug|Any CPU
		{4E31342F-D0F9-DDF4-9BFA-2F71A7A90498}.Debug|Any CPU.Build.0 = Debug|Any CPU
		{4E31342F-D0F9-DDF4-9BFA-2F71A7A90498}.Release|Any CPU.ActiveCfg = Release|Any CPU
		{4E31342F-D0F9-DDF4-9BFA-2F71A7A90498}.Release|Any CPU.Build.0 = Release|Any CPU
	EndGlobalSection
	GlobalSection(SolutionProperties) = preSolution
		HideSolutionNode = FALSE
	EndGlobalSection
	GlobalSection(ExtensibilityGlobals) = postSolution
		SolutionGuid = {D1317DE8-59CF-4E5F-9117-F780A5AB9EE5}
	EndGlobalSection
EndGlobal
